
Microsoft Visual Studio Solution File, Format Version 12.00
# Visual Studio Version 16
VisualStudioVersion = 16.0.29411.108
MinimumVisualStudioVersion = 10.0.40219.1
Project("{FAE04EC0-301F-11D3-BF4B-00C04F79EFBC}") = "Cukcuk", "Cukcuk\Cukcuk.csproj", "{F137A5C2-F0A2-43A6-A34A-F51F08316E6A}"
EndProject
Global
	GlobalSection(SolutionConfigurationPlatforms) = preSolution
		Debug|Any CPU = Debug|Any CPU
		Release|Any CPU = Release|Any CPU
	EndGlobalSection
	GlobalSection(ProjectConfigurationPlatforms) = postSolution
		{F137A5C2-F0A2-43A6-A34A-F51F08316E6A}.Debug|Any CPU.ActiveCfg = Debug|Any CPU
		{F137A5C2-F0A2-43A6-A34A-F51F08316E6A}.Debug|Any CPU.Build.0 = Debug|Any CPU
		{F137A5C2-F0A2-43A6-A34A-F51F08316E6A}.Release|Any CPU.ActiveCfg = Release|Any CPU
		{F137A5C2-F0A2-43A6-A34A-F51F08316E6A}.Release|Any CPU.Build.0 = Release|Any CPU
	EndGlobalSection
	GlobalSection(SolutionProperties) = preSolution
		HideSolutionNode = FALSE
	EndGlobalSection
	GlobalSection(ExtensibilityGlobals) = postSolution
		SolutionGuid = {F918A623-3AB4-45A5-9EBF-BCB6A59DA6FE}
	EndGlobalSection
	GlobalSection(TeamFoundationVersionControl) = preSolution
		SccNumberOfProjects = 2
		SccEnterpriseProvider = {4CA58AB2-18FA-4F8D-95D4-32DDF27D184C}
		SccTeamFoundationServer = http://tfs2015:8080/tfs/freshercollection
		SccLocalPath0 = .
		SccProjectUniqueName1 = Cukcuk\\Cukcuk.csproj
		SccProjectName1 = Cukcuk
		SccLocalPath1 = Cukcuk
	EndGlobalSection
EndGlobal
